// !$*UTF8*$!
{
	archiveVersion = 1;
	classes = {
	};
	objectVersion = 56;
	objects = {

/* Begin PBXBuildFile section */
		7E190F74297FF3EB00204D7D /* CollapsableViewBuilder.swift in Sources */ = {isa = PBXBuildFile; fileRef = 7E190F73297FF3EB00204D7D /* CollapsableViewBuilder.swift */; };
		7E190F76297FF92D00204D7D /* CustomButton.swift in Sources */ = {isa = PBXBuildFile; fileRef = 7E190F75297FF92D00204D7D /* CustomButton.swift */; };
		7EE47762297FF0CD004EF95C /* TupleViewExtensions.swift in Sources */ = {isa = PBXBuildFile; fileRef = 7EE47761297FF0CD004EF95C /* TupleViewExtensions.swift */; };
		7EE47764297FF0D6004EF95C /* ViewExtensions.swift in Sources */ = {isa = PBXBuildFile; fileRef = 7EE47763297FF0D6004EF95C /* ViewExtensions.swift */; };
		7EECBBA4297E521500850D80 /* expand_collapse_abstractionApp.swift in Sources */ = {isa = PBXBuildFile; fileRef = 7EECBBA3297E521500850D80 /* expand_collapse_abstractionApp.swift */; };
		7EECBBA6297E521500850D80 /* ContentView.swift in Sources */ = {isa = PBXBuildFile; fileRef = 7EECBBA5297E521500850D80 /* ContentView.swift */; };
		7EECBBA8297E521700850D80 /* Assets.xcassets in Resources */ = {isa = PBXBuildFile; fileRef = 7EECBBA7297E521700850D80 /* Assets.xcassets */; };
		7EECBBAB297E521700850D80 /* Preview Assets.xcassets in Resources */ = {isa = PBXBuildFile; fileRef = 7EECBBAA297E521700850D80 /* Preview Assets.xcassets */; };
		7EECBBD4297E701000850D80 /* CollapsableView.swift in Sources */ = {isa = PBXBuildFile; fileRef = 7EECBBD3297E701000850D80 /* CollapsableView.swift */; };
		7EECBBD6297E729B00850D80 /* CollapsableViewModel.swift in Sources */ = {isa = PBXBuildFile; fileRef = 7EECBBD5297E729B00850D80 /* CollapsableViewModel.swift */; };
		7EECBBD8297E731B00850D80 /* CollapsableStack.swift in Sources */ = {isa = PBXBuildFile; fileRef = 7EECBBD7297E731B00850D80 /* CollapsableStack.swift */; };
		7EECBBDA297E77AC00850D80 /* CollapsableModel.swift in Sources */ = {isa = PBXBuildFile; fileRef = 7EECBBD9297E77AC00850D80 /* CollapsableModel.swift */; };
/* End PBXBuildFile section */

/* Begin PBXFileReference section */
		7E190F73297FF3EB00204D7D /* CollapsableViewBuilder.swift */ = {isa = PBXFileReference; lastKnownFileType = sourcecode.swift; path = CollapsableViewBuilder.swift; sourceTree = "<group>"; };
		7E190F75297FF92D00204D7D /* CustomButton.swift */ = {isa = PBXFileReference; lastKnownFileType = sourcecode.swift; path = CustomButton.swift; sourceTree = "<group>"; };
		7EE47761297FF0CD004EF95C /* TupleViewExtensions.swift */ = {isa = PBXFileReference; lastKnownFileType = sourcecode.swift; path = TupleViewExtensions.swift; sourceTree = "<group>"; };
		7EE47763297FF0D6004EF95C /* ViewExtensions.swift */ = {isa = PBXFileReference; lastKnownFileType = sourcecode.swift; path = ViewExtensions.swift; sourceTree = "<group>"; };
		7EECBBA0297E521500850D80 /* expand-collapse-abstraction.app */ = {isa = PBXFileReference; explicitFileType = wrapper.application; includeInIndex = 0; path = "expand-collapse-abstraction.app"; sourceTree = BUILT_PRODUCTS_DIR; };
		7EECBBA3297E521500850D80 /* expand_collapse_abstractionApp.swift */ = {isa = PBXFileReference; lastKnownFileType = sourcecode.swift; path = expand_collapse_abstractionApp.swift; sourceTree = "<group>"; };
		7EECBBA5297E521500850D80 /* ContentView.swift */ = {isa = PBXFileReference; lastKnownFileType = sourcecode.swift; path = ContentView.swift; sourceTree = "<group>"; };
		7EECBBA7297E521700850D80 /* Assets.xcassets */ = {isa = PBXFileReference; lastKnownFileType = folder.assetcatalog; path = Assets.xcassets; sourceTree = "<group>"; };
		7EECBBAA297E521700850D80 /* Preview Assets.xcassets */ = {isa = PBXFileReference; lastKnownFileType = folder.assetcatalog; path = "Preview Assets.xcassets"; sourceTree = "<group>"; };
		7EECBBD3297E701000850D80 /* CollapsableView.swift */ = {isa = PBXFileReference; lastKnownFileType = sourcecode.swift; path = CollapsableView.swift; sourceTree = "<group>"; };
		7EECBBD5297E729B00850D80 /* CollapsableViewModel.swift */ = {isa = PBXFileReference; lastKnownFileType = sourcecode.swift; path = CollapsableViewModel.swift; sourceTree = "<group>"; };
		7EECBBD7297E731B00850D80 /* CollapsableStack.swift */ = {isa = PBXFileReference; lastKnownFileType = sourcecode.swift; path = CollapsableStack.swift; sourceTree = "<group>"; };
		7EECBBD9297E77AC00850D80 /* CollapsableModel.swift */ = {isa = PBXFileReference; lastKnownFileType = sourcecode.swift; path = CollapsableModel.swift; sourceTree = "<group>"; };
/* End PBXFileReference section */

/* Begin PBXFrameworksBuildPhase section */
		7EECBB9D297E521500850D80 /* Frameworks */ = {
			isa = PBXFrameworksBuildPhase;
			buildActionMask = 2147483647;
			files = (
			);
			runOnlyForDeploymentPostprocessing = 0;
		};
/* End PBXFrameworksBuildPhase section */

/* Begin PBXGroup section */
		7E28C224297FBAA000F9A313 /* Views */ = {
			isa = PBXGroup;
			children = (
				7EECBBA5297E521500850D80 /* ContentView.swift */,
				7EECBBD3297E701000850D80 /* CollapsableView.swift */,
			);
			path = Views;
			sourceTree = "<group>";
		};
		7E28C226297FBAB800F9A313 /* ViewModels */ = {
			isa = PBXGroup;
			children = (
				7EECBBD5297E729B00850D80 /* CollapsableViewModel.swift */,
			);
			path = ViewModels;
			sourceTree = "<group>";
		};
		7E28C227297FBAC000F9A313 /* Models */ = {
			isa = PBXGroup;
			children = (
				7EECBBD9297E77AC00850D80 /* CollapsableModel.swift */,
			);
			path = Models;
			sourceTree = "<group>";
		};
		7EE47760297FF079004EF95C /* Extensions */ = {
			isa = PBXGroup;
			children = (
				7EE47761297FF0CD004EF95C /* TupleViewExtensions.swift */,
				7EE47763297FF0D6004EF95C /* ViewExtensions.swift */,
				7E190F73297FF3EB00204D7D /* CollapsableViewBuilder.swift */,
				7E190F75297FF92D00204D7D /* CustomButton.swift */,
			);
			path = Extensions;
			sourceTree = "<group>";
		};
		7EECBB97297E521500850D80 = {
			isa = PBXGroup;
			children = (
				7EECBBA2297E521500850D80 /* expand-collapse-abstraction */,
				7EECBBA1297E521500850D80 /* Products */,
			);
			sourceTree = "<group>";
		};
		7EECBBA1297E521500850D80 /* Products */ = {
			isa = PBXGroup;
			children = (
				7EECBBA0297E521500850D80 /* expand-collapse-abstraction.app */,
			);
			name = Products;
			sourceTree = "<group>";
		};
		7EECBBA2297E521500850D80 /* expand-collapse-abstraction */ = {
			isa = PBXGroup;
			children = (
				7EECBBA3297E521500850D80 /* expand_collapse_abstractionApp.swift */,
				7E28C227297FBAC000F9A313 /* Models */,
				7E28C224297FBAA000F9A313 /* Views */,
				7E28C226297FBAB800F9A313 /* ViewModels */,
				7EE47760297FF079004EF95C /* Extensions */,
				7EECBBD7297E731B00850D80 /* CollapsableStack.swift */,
				7EECBBA7297E521700850D80 /* Assets.xcassets */,
				7EECBBA9297E521700850D80 /* Preview Content */,
			);
			path = "expand-collapse-abstraction";
			sourceTree = "<group>";
		};
		7EECBBA9297E521700850D80 /* Preview Content */ = {
			isa = PBXGroup;
			children = (
				7EECBBAA297E521700850D80 /* Preview Assets.xcassets */,
			);
			path = "Preview Content";
			sourceTree = "<group>";
		};
/* End PBXGroup section */

/* Begin PBXNativeTarget section */
		7EECBB9F297E521500850D80 /* expand-collapse-abstraction */ = {
			isa = PBXNativeTarget;
			buildConfigurationList = 7EECBBAE297E521700850D80 /* Build configuration list for PBXNativeTarget "expand-collapse-abstraction" */;
			buildPhases = (
				7EECBB9C297E521500850D80 /* Sources */,
				7EECBB9D297E521500850D80 /* Frameworks */,
				7EECBB9E297E521500850D80 /* Resources */,
			);
			buildRules = (
			);
			dependencies = (
			);
			name = "expand-collapse-abstraction";
			productName = "expand-collapse-abstraction";
			productReference = 7EECBBA0297E521500850D80 /* expand-collapse-abstraction.app */;
			productType = "com.apple.product-type.application";
		};
/* End PBXNativeTarget section */

/* Begin PBXProject section */
		7EECBB98297E521500850D80 /* Project object */ = {
			isa = PBXProject;
			attributes = {
				BuildIndependentTargetsInParallel = 1;
				LastSwiftUpdateCheck = 1420;
				LastUpgradeCheck = 1420;
				TargetAttributes = {
					7EECBB9F297E521500850D80 = {
						CreatedOnToolsVersion = 14.2;
					};
				};
			};
			buildConfigurationList = 7EECBB9B297E521500850D80 /* Build configuration list for PBXProject "expand-collapse-abstraction" */;
			compatibilityVersion = "Xcode 14.0";
			developmentRegion = en;
			hasScannedForEncodings = 0;
			knownRegions = (
				en,
				Base,
			);
			mainGroup = 7EECBB97297E521500850D80;
			productRefGroup = 7EECBBA1297E521500850D80 /* Products */;
			projectDirPath = "";
			projectRoot = "";
			targets = (
				7EECBB9F297E521500850D80 /* expand-collapse-abstraction */,
			);
		};
/* End PBXProject section */

/* Begin PBXResourcesBuildPhase section */
		7EECBB9E297E521500850D80 /* Resources */ = {
			isa = PBXResourcesBuildPhase;
			buildActionMask = 2147483647;
			files = (
				7EECBBAB297E521700850D80 /* Preview Assets.xcassets in Resources */,
				7EECBBA8297E521700850D80 /* Assets.xcassets in Resources */,
			);
			runOnlyForDeploymentPostprocessing = 0;
		};
/* End PBXResourcesBuildPhase section */

/* Begin PBXSourcesBuildPhase section */
		7EECBB9C297E521500850D80 /* Sources */ = {
			isa = PBXSourcesBuildPhase;
			buildActionMask = 2147483647;
			files = (
				7EECBBDA297E77AC00850D80 /* CollapsableModel.swift in Sources */,
				7E190F74297FF3EB00204D7D /* CollapsableViewBuilder.swift in Sources */,
				7EECBBA6297E521500850D80 /* ContentView.swift in Sources */,
				7EE47764297FF0D6004EF95C /* ViewExtensions.swift in Sources */,
				7E190F76297FF92D00204D7D /* CustomButton.swift in Sources */,
				7EE47762297FF0CD004EF95C /* TupleViewExtensions.swift in Sources */,
				7EECBBD4297E701000850D80 /* CollapsableView.swift in Sources */,
				7EECBBD8297E731B00850D80 /* CollapsableStack.swift in Sources */,
				7EECBBA4297E521500850D80 /* expand_collapse_abstractionApp.swift in Sources */,
				7EECBBD6297E729B00850D80 /* CollapsableViewModel.swift in Sources */,
			);
			runOnlyForDeploymentPostprocessing = 0;
		};
/* End PBXSourcesBuildPhase section */

/* Begin XCBuildConfiguration section */
		7EECBBAC297E521700850D80 /* Debug */ = {
			isa = XCBuildConfiguration;
			buildSettings = {
				ALWAYS_SEARCH_USER_PATHS = NO;
				CLANG_ANALYZER_NONNULL = YES;
				CLANG_ANALYZER_NUMBER_OBJECT_CONVERSION = YES_AGGRESSIVE;
				CLANG_CXX_LANGUAGE_STANDARD = "gnu++20";
				CLANG_ENABLE_MODULES = YES;
				CLANG_ENABLE_OBJC_ARC = YES;
				CLANG_ENABLE_OBJC_WEAK = YES;
				CLANG_WARN_BLOCK_CAPTURE_AUTORELEASING = YES;
				CLANG_WARN_BOOL_CONVERSION = YES;
				CLANG_WARN_COMMA = YES;
				CLANG_WARN_CONSTANT_CONVERSION = YES;
				CLANG_WARN_DEPRECATED_OBJC_IMPLEMENTATIONS = YES;
				CLANG_WARN_DIRECT_OBJC_ISA_USAGE = YES_ERROR;
				CLANG_WARN_DOCUMENTATION_COMMENTS = YES;
				CLANG_WARN_EMPTY_BODY = YES;
				CLANG_WARN_ENUM_CONVERSION = YES;
				CLANG_WARN_INFINITE_RECURSION = YES;
				CLANG_WARN_INT_CONVERSION = YES;
				CLANG_WARN_NON_LITERAL_NULL_CONVERSION = YES;
				CLANG_WARN_OBJC_IMPLICIT_RETAIN_SELF = YES;
				CLANG_WARN_OBJC_LITERAL_CONVERSION = YES;
				CLANG_WARN_OBJC_ROOT_CLASS = YES_ERROR;
				CLANG_WARN_QUOTED_INCLUDE_IN_FRAMEWORK_HEADER = YES;
				CLANG_WARN_RANGE_LOOP_ANALYSIS = YES;
				CLANG_WARN_STRICT_PROTOTYPES = YES;
				CLANG_WARN_SUSPICIOUS_MOVE = YES;
				CLANG_WARN_UNGUARDED_AVAILABILITY = YES_AGGRESSIVE;
				CLANG_WARN_UNREACHABLE_CODE = YES;
				CLANG_WARN__DUPLICATE_METHOD_MATCH = YES;
				CODE_SIGN_IDENTITY = "Apple Development: Rohan Gupta (VXWYWL52WK)";
				COPY_PHASE_STRIP = NO;
				DEBUG_INFORMATION_FORMAT = dwarf;
				ENABLE_STRICT_OBJC_MSGSEND = YES;
				ENABLE_TESTABILITY = YES;
				GCC_C_LANGUAGE_STANDARD = gnu11;
				GCC_DYNAMIC_NO_PIC = NO;
				GCC_NO_COMMON_BLOCKS = YES;
				GCC_OPTIMIZATION_LEVEL = 0;
				GCC_PREPROCESSOR_DEFINITIONS = (
					"DEBUG=1",
					"$(inherited)",
				);
				GCC_WARN_64_TO_32_BIT_CONVERSION = YES;
				GCC_WARN_ABOUT_RETURN_TYPE = YES_ERROR;
				GCC_WARN_UNDECLARED_SELECTOR = YES;
				GCC_WARN_UNINITIALIZED_AUTOS = YES_AGGRESSIVE;
				GCC_WARN_UNUSED_FUNCTION = YES;
				GCC_WARN_UNUSED_VARIABLE = YES;
				IPHONEOS_DEPLOYMENT_TARGET = 16.2;
				MTL_ENABLE_DEBUG_INFO = INCLUDE_SOURCE;
				MTL_FAST_MATH = YES;
				ONLY_ACTIVE_ARCH = YES;
				SDKROOT = iphoneos;
				SWIFT_ACTIVE_COMPILATION_CONDITIONS = DEBUG;
				SWIFT_OPTIMIZATION_LEVEL = "-Onone";
			};
			name = Debug;
		};
		7EECBBAD297E521700850D80 /* Release */ = {
			isa = XCBuildConfiguration;
			buildSettings = {
				ALWAYS_SEARCH_USER_PATHS = NO;
				CLANG_ANALYZER_NONNULL = YES;
				CLANG_ANALYZER_NUMBER_OBJECT_CONVERSION = YES_AGGRESSIVE;
				CLANG_CXX_LANGUAGE_STANDARD = "gnu++20";
				CLANG_ENABLE_MODULES = YES;
				CLANG_ENABLE_OBJC_ARC = YES;
				CLANG_ENABLE_OBJC_WEAK = YES;
				CLANG_WARN_BLOCK_CAPTURE_AUTORELEASING = YES;
				CLANG_WARN_BOOL_CONVERSION = YES;
				CLANG_WARN_COMMA = YES;
				CLANG_WARN_CONSTANT_CONVERSION = YES;
				CLANG_WARN_DEPRECATED_OBJC_IMPLEMENTATIONS = YES;
				CLANG_WARN_DIRECT_OBJC_ISA_USAGE = YES_ERROR;
				CLANG_WARN_DOCUMENTATION_COMMENTS = YES;
				CLANG_WARN_EMPTY_BODY = YES;
				CLANG_WARN_ENUM_CONVERSION = YES;
				CLANG_WARN_INFINITE_RECURSION = YES;
				CLANG_WARN_INT_CONVERSION = YES;
				CLANG_WARN_NON_LITERAL_NULL_CONVERSION = YES;
				CLANG_WARN_OBJC_IMPLICIT_RETAIN_SELF = YES;
				CLANG_WARN_OBJC_LITERAL_CONVERSION = YES;
				CLANG_WARN_OBJC_ROOT_CLASS = YES_ERROR;
				CLANG_WARN_QUOTED_INCLUDE_IN_FRAMEWORK_HEADER = YES;
				CLANG_WARN_RANGE_LOOP_ANALYSIS = YES;
				CLANG_WARN_STRICT_PROTOTYPES = YES;
				CLANG_WARN_SUSPICIOUS_MOVE = YES;
				CLANG_WARN_UNGUARDED_AVAILABILITY = YES_AGGRESSIVE;
				CLANG_WARN_UNREACHABLE_CODE = YES;
				CLANG_WARN__DUPLICATE_METHOD_MATCH = YES;
				CODE_SIGN_IDENTITY = "Apple Development: Rohan Gupta (VXWYWL52WK)";
				COPY_PHASE_STRIP = NO;
				DEBUG_INFORMATION_FORMAT = "dwarf-with-dsym";
				ENABLE_NS_ASSERTIONS = NO;
				ENABLE_STRICT_OBJC_MSGSEND = YES;
				GCC_C_LANGUAGE_STANDARD = gnu11;
				GCC_NO_COMMON_BLOCKS = YES;
				GCC_WARN_64_TO_32_BIT_CONVERSION = YES;
				GCC_WARN_ABOUT_RETURN_TYPE = YES_ERROR;
				GCC_WARN_UNDECLARED_SELECTOR = YES;
				GCC_WARN_UNINITIALIZED_AUTOS = YES_AGGRESSIVE;
				GCC_WARN_UNUSED_FUNCTION = YES;
				GCC_WARN_UNUSED_VARIABLE = YES;
				IPHONEOS_DEPLOYMENT_TARGET = 16.2;
				MTL_ENABLE_DEBUG_INFO = NO;
				MTL_FAST_MATH = YES;
				SDKROOT = iphoneos;
				SWIFT_COMPILATION_MODE = wholemodule;
				SWIFT_OPTIMIZATION_LEVEL = "-O";
				VALIDATE_PRODUCT = YES;
			};
			name = Release;
		};
		7EECBBAF297E521700850D80 /* Debug */ = {
			isa = XCBuildConfiguration;
			buildSettings = {
				ASSETCATALOG_COMPILER_APPICON_NAME = AppIcon;
				ASSETCATALOG_COMPILER_GLOBAL_ACCENT_COLOR_NAME = AccentColor;
				CODE_SIGN_IDENTITY = "Apple Development";
				CODE_SIGN_STYLE = Automatic;
				CURRENT_PROJECT_VERSION = 1;
				DEVELOPMENT_ASSET_PATHS = "\"expand-collapse-abstraction/Preview Content\"";
				DEVELOPMENT_TEAM = AS3UB6V5YF;
				ENABLE_PREVIEWS = YES;
				GENERATE_INFOPLIST_FILE = YES;
				INFOPLIST_KEY_UIApplicationSceneManifest_Generation = YES;
				INFOPLIST_KEY_UIApplicationSupportsIndirectInputEvents = YES;
				INFOPLIST_KEY_UILaunchScreen_Generation = YES;
				INFOPLIST_KEY_UISupportedInterfaceOrientations_iPad = "UIInterfaceOrientationPortrait UIInterfaceOrientationPortraitUpsideDown UIInterfaceOrientationLandscapeLeft UIInterfaceOrientationLandscapeRight";
				INFOPLIST_KEY_UISupportedInterfaceOrientations_iPhone = "UIInterfaceOrientationPortrait UIInterfaceOrientationLandscapeLeft UIInterfaceOrientationLandscapeRight";
				LD_RUNPATH_SEARCH_PATHS = (
					"$(inherited)",
					"@executable_path/Frameworks",
				);
				MARKETING_VERSION = 1.0;
				PRODUCT_BUNDLE_IDENTIFIER = "com.rocod.expand-collapse-abstraction";
				PRODUCT_NAME = "$(TARGET_NAME)";
				SWIFT_EMIT_LOC_STRINGS = YES;
				SWIFT_VERSION = 5.0;
				TARGETED_DEVICE_FAMILY = "1,2";
			};
			name = Debug;
		};
		7EECBBB0297E521700850D80 /* Release */ = {
			isa = XCBuildConfiguration;
			buildSettings = {
				ASSETCATALOG_COMPILER_APPICON_NAME = AppIcon;
				ASSETCATALOG_COMPILER_GLOBAL_ACCENT_COLOR_NAME = AccentColor;
				CODE_SIGN_IDENTITY = "Apple Development";
				CODE_SIGN_STYLE = Automatic;
				CURRENT_PROJECT_VERSION = 1;
				DEVELOPMENT_ASSET_PATHS = "\"expand-collapse-abstraction/Preview Content\"";
				DEVELOPMENT_TEAM = AS3UB6V5YF;
				ENABLE_PREVIEWS = YES;
				GENERATE_INFOPLIST_FILE = YES;
				INFOPLIST_KEY_UIApplicationSceneManifest_Generation = YES;
				INFOPLIST_KEY_UIApplicationSupportsIndirectInputEvents = YES;
				INFOPLIST_KEY_UILaunchScreen_Generation = YES;
				INFOPLIST_KEY_UISupportedInterfaceOrientations_iPad = "UIInterfaceOrientationPortrait UIInterfaceOrientationPortraitUpsideDown UIInterfaceOrientationLandscapeLeft UIInterfaceOrientationLandscapeRight";
				INFOPLIST_KEY_UISupportedInterfaceOrientations_iPhone = "UIInterfaceOrientationPortrait UIInterfaceOrientationLandscapeLeft UIInterfaceOrientationLandscapeRight";
				LD_RUNPATH_SEARCH_PATHS = (
					"$(inherited)",
					"@executable_path/Frameworks",
				);
				MARKETING_VERSION = 1.0;
				PRODUCT_BUNDLE_IDENTIFIER = "com.rocod.expand-collapse-abstraction";
				PRODUCT_NAME = "$(TARGET_NAME)";
				SWIFT_EMIT_LOC_STRINGS = YES;
				SWIFT_VERSION = 5.0;
				TARGETED_DEVICE_FAMILY = "1,2";
			};
			name = Release;
		};
/* End XCBuildConfiguration section */

/* Begin XCConfigurationList section */
		7EECBB9B297E521500850D80 /* Build configuration list for PBXProject "expand-collapse-abstraction" */ = {
			isa = XCConfigurationList;
			buildConfigurations = (
				7EECBBAC297E521700850D80 /* Debug */,
				7EECBBAD297E521700850D80 /* Release */,
			);
			defaultConfigurationIsVisible = 0;
			defaultConfigurationName = Release;
		};
		7EECBBAE297E521700850D80 /* Build configuration list for PBXNativeTarget "expand-collapse-abstraction" */ = {
			isa = XCConfigurationList;
			buildConfigurations = (
				7EECBBAF297E521700850D80 /* Debug */,
				7EECBBB0297E521700850D80 /* Release */,
			);
			defaultConfigurationIsVisible = 0;
			defaultConfigurationName = Release;
		};
/* End XCConfigurationList section */
	};
	rootObject = 7EECBB98297E521500850D80 /* Project object */;
}
